<Solution>
  <Configurations>
    <Platform Name="Any CPU" />
    <Platform Name="x64" />
    <Platform Name="x86" />
  </Configurations>
  <Project Path="InferenceEngine.Core.IntegrationTests/InferenceEngine.Core.IntegrationTests.csproj" />
  <Project Path="InferenceEngine.Core/InferenceEngine.ROCm.Runtime.linux-x64.csproj" />
</Solution>
